
Microsoft Visual Studio Solution File, Format Version 12.00
# Visual Studio 15
VisualStudioVersion = 15.0.28307.329
MinimumVisualStudioVersion = 10.0.40219.1
Project("{FAE04EC0-301F-11D3-BF4B-00C04F79EFBC}") = "Automation", "Automation\Automation.csproj", "{8CC0EF9A-5F64-4815-AEEF-C581F75570D6}"
EndProject
Project("{FAE04EC0-301F-11D3-BF4B-00C04F79EFBC}") = "ConsoleApp1", "ConsoleApp1\ConsoleApp1.csproj", "{183D60D7-01AC-4B00-AD5B-7887342B4049}"
EndProject
Global
	GlobalSection(SolutionConfigurationPlatforms) = preSolution
		Debug|Any CPU = Debug|Any CPU
		Release|Any CPU = Release|Any CPU
	EndGlobalSection
	GlobalSection(ProjectConfigurationPlatforms) = postSolution
		{8CC0EF9A-5F64-4815-AEEF-C581F75570D6}.Debug|Any CPU.ActiveCfg = Debug|Any CPU
		{8CC0EF9A-5F64-4815-AEEF-C581F75570D6}.Debug|Any CPU.Build.0 = Debug|Any CPU
		{8CC0EF9A-5F64-4815-AEEF-C581F75570D6}.Release|Any CPU.ActiveCfg = Release|Any CPU
		{8CC0EF9A-5F64-4815-AEEF-C581F75570D6}.Release|Any CPU.Build.0 = Release|Any CPU
		{183D60D7-01AC-4B00-AD5B-7887342B4049}.Debug|Any CPU.ActiveCfg = Debug|Any CPU
		{183D60D7-01AC-4B00-AD5B-7887342B4049}.Debug|Any CPU.Build.0 = Debug|Any CPU
		{183D60D7-01AC-4B00-AD5B-7887342B4049}.Release|Any CPU.ActiveCfg = Release|Any CPU
		{183D60D7-01AC-4B00-AD5B-7887342B4049}.Release|Any CPU.Build.0 = Release|Any CPU
	EndGlobalSection
	GlobalSection(SolutionProperties) = preSolution
		HideSolutionNode = FALSE
	EndGlobalSection
	GlobalSection(ExtensibilityGlobals) = postSolution
		SolutionGuid = {2BE286E6-A1A9-4741-8961-A7B3FBA3B468}
	EndGlobalSection
EndGlobal
